
Microsoft Visual Studio Solution File, Format Version 12.00
# Visual Studio 15
Project("{FAE04EC0-301F-11D3-BF4B-00C04F79EFBC}") = "UnityEngine.TestRunner", "UnityEngine.TestRunner.csproj", "{D2ED26C9-EE40-C450-4861-158BA48E6827}"
EndProject
Project("{FAE04EC0-301F-11D3-BF4B-00C04F79EFBC}") = "Unity.Mathematics", "Unity.Mathematics.csproj", "{B57E159E-CC77-0718-0064-8106C399D682}"
EndProject
Project("{FAE04EC0-301F-11D3-BF4B-00C04F79EFBC}") = "Unity.2D.Animation.Triangle.Runtime", "Unity.2D.Animation.Triangle.Runtime.csproj", "{8D0D7333-DDFF-B998-39F6-3C3E869972CE}"
EndProject
Project("{FAE04EC0-301F-11D3-BF4B-00C04F79EFBC}") = "Unity.Timeline", "Unity.Timeline.csproj", "{6A11C312-89E4-05DE-5F2F-135614D14EBF}"
EndProject
Project("{FAE04EC0-301F-11D3-BF4B-00C04F79EFBC}") = "UnityEngine.UI", "UnityEngine.UI.csproj", "{E3544914-DFA0-C0B1-037E-767C8A1D9FCC}"
EndProject
Project("{FAE04EC0-301F-11D3-BF4B-00C04F79EFBC}") = "Unity.TextMeshPro", "Unity.TextMeshPro.csproj", "{3647BB0A-C733-ECAD-66BD-73A7F877DD79}"
EndProject
Project("{FAE04EC0-301F-11D3-BF4B-00C04F79EFBC}") = "Unity.2D.Animation.Runtime", "Unity.2D.Animation.Runtime.csproj", "{DB2B19C7-396F-5B4F-61CE-892083D360BC}"
EndProject
Project("{FAE04EC0-301F-11D3-BF4B-00C04F79EFBC}") = "Unity.2D.IK.Runtime", "Unity.2D.IK.Runtime.csproj", "{1986C8B1-2F8C-5F83-5BA2-C62405A28717}"
EndProject
Project("{FAE04EC0-301F-11D3-BF4B-00C04F79EFBC}") = "Unity.2D.SpriteShape.Runtime", "Unity.2D.SpriteShape.Runtime.csproj", "{608C5680-236A-78F2-EF3A-CFCF61F63FB5}"
EndProject
Project("{FAE04EC0-301F-11D3-BF4B-00C04F79EFBC}") = "Unity.2D.PixelPerfect", "Unity.2D.PixelPerfect.csproj", "{07EFA6B0-C02E-9230-558B-E5C9D291CFB7}"
EndProject
Project("{FAE04EC0-301F-11D3-BF4B-00C04F79EFBC}") = "Assembly-CSharp", "Assembly-CSharp.csproj", "{FBB7BCD9-69D2-6842-F5E3-DD9F6E195B79}"
EndProject
Project("{FAE04EC0-301F-11D3-BF4B-00C04F79EFBC}") = "Unity.2D.Common.Runtime", "Unity.2D.Common.Runtime.csproj", "{CE701140-0CE7-D767-1DD0-DA24F9A87DD0}"
EndProject
Project("{FAE04EC0-301F-11D3-BF4B-00C04F79EFBC}") = "Unity.InternalAPIEngineBridge.001", "Unity.InternalAPIEngineBridge.001.csproj", "{6B1AEEC0-B9FF-EE44-C1CF-3C06D85FB502}"
EndProject
Project("{FAE04EC0-301F-11D3-BF4B-00C04F79EFBC}") = "UnityEditor.TestRunner", "UnityEditor.TestRunner.csproj", "{3405D186-F587-C04B-FAD9-0A3D5C871130}"
EndProject
Project("{FAE04EC0-301F-11D3-BF4B-00C04F79EFBC}") = "Unity.PlasticSCM.Editor", "Unity.PlasticSCM.Editor.csproj", "{4E383A0B-D3D3-3D40-5866-F8849D0362E3}"
EndProject
Project("{FAE04EC0-301F-11D3-BF4B-00C04F79EFBC}") = "UnityEditor.UI", "UnityEditor.UI.csproj", "{8FFDC049-C2E1-174E-CA10-1924C9A94D4C}"
EndProject
Project("{FAE04EC0-301F-11D3-BF4B-00C04F79EFBC}") = "Unity.Timeline.Editor", "Unity.Timeline.Editor.csproj", "{863ABBE1-3FD3-17B0-A0EB-ABB220B9E125}"
EndProject
Project("{FAE04EC0-301F-11D3-BF4B-00C04F79EFBC}") = "Unity.VisualStudio.Editor", "Unity.VisualStudio.Editor.csproj", "{83C75219-DE04-4485-CEB3-8ECFDFCA0844}"
EndProject
Project("{FAE04EC0-301F-11D3-BF4B-00C04F79EFBC}") = "Unity.2D.Psdimporter.Editor", "Unity.2D.Psdimporter.Editor.csproj", "{05D2A89A-0CD8-B661-4EC9-3ECA53F97A04}"
EndProject
Project("{FAE04EC0-301F-11D3-BF4B-00C04F79EFBC}") = "Unity.2D.Animation.Editor", "Unity.2D.Animation.Editor.csproj", "{0C95D643-4648-2EE1-99CC-EDDCC665F33C}"
EndProject
Project("{FAE04EC0-301F-11D3-BF4B-00C04F79EFBC}") = "Unity.TextMeshPro.Editor", "Unity.TextMeshPro.Editor.csproj", "{FE4B1B6E-F11B-E5F0-A624-456DB652D75E}"
EndProject
Project("{FAE04EC0-301F-11D3-BF4B-00C04F79EFBC}") = "Unity.2D.SpriteShape.Editor", "Unity.2D.SpriteShape.Editor.csproj", "{6A5DAB4F-6FB9-C278-9483-64042D8C9643}"
EndProject
Project("{FAE04EC0-301F-11D3-BF4B-00C04F79EFBC}") = "Unity.CollabProxy.Editor", "Unity.CollabProxy.Editor.csproj", "{111EFE6E-76ED-4F7B-A1FA-9457AF45558D}"
EndProject
Project("{FAE04EC0-301F-11D3-BF4B-00C04F79EFBC}") = "PsdPlugin", "PsdPlugin.csproj", "{2246F203-6D86-6C20-A470-A3FBB2C0E2AD}"
EndProject
Project("{FAE04EC0-301F-11D3-BF4B-00C04F79EFBC}") = "Unity.2D.Path.Editor", "Unity.2D.Path.Editor.csproj", "{9C3A6AAD-7A51-1242-B9BB-EB1C47B41494}"
EndProject
Project("{FAE04EC0-301F-11D3-BF4B-00C04F79EFBC}") = "Unity.Rider.Editor", "Unity.Rider.Editor.csproj", "{4C32BA92-54CE-A085-E2B0-0E2025D7491A}"
EndProject
Project("{FAE04EC0-301F-11D3-BF4B-00C04F79EFBC}") = "Unity.2D.IK.Editor", "Unity.2D.IK.Editor.csproj", "{FA6F7075-70C6-D494-567C-9A5373BE8953}"
EndProject
Project("{FAE04EC0-301F-11D3-BF4B-00C04F79EFBC}") = "Unity.2D.Sprite.Editor", "Unity.2D.Sprite.Editor.csproj", "{B5826DB5-847F-3A9C-0D0F-AA5E9E27164E}"
EndProject
Project("{FAE04EC0-301F-11D3-BF4B-00C04F79EFBC}") = "Unity.2D.Tilemap.Editor", "Unity.2D.Tilemap.Editor.csproj", "{66E1CADE-2566-C743-25E8-EA59BB529692}"
EndProject
Project("{FAE04EC0-301F-11D3-BF4B-00C04F79EFBC}") = "Unity.2D.PixelPerfect.Editor", "Unity.2D.PixelPerfect.Editor.csproj", "{2D0E15D4-B74A-FDCA-709C-2D9D333763F0}"
EndProject
Project("{FAE04EC0-301F-11D3-BF4B-00C04F79EFBC}") = "Unity.VSCode.Editor", "Unity.VSCode.Editor.csproj", "{36A82FFD-E13B-27AF-A5EC-E6076BC05B4D}"
EndProject
Project("{FAE04EC0-301F-11D3-BF4B-00C04F79EFBC}") = "Unity.2D.Common.Editor", "Unity.2D.Common.Editor.csproj", "{AEDB5158-9D07-FF79-5E24-DE679F38ABA4}"
EndProject
Project("{FAE04EC0-301F-11D3-BF4B-00C04F79EFBC}") = "Unity.Mathematics.Editor", "Unity.Mathematics.Editor.csproj", "{55396150-B566-3AB5-6FCE-474BA0461560}"
EndProject
Project("{FAE04EC0-301F-11D3-BF4B-00C04F79EFBC}") = "Unity.InternalAPIEditorBridge.001", "Unity.InternalAPIEditorBridge.001.csproj", "{A74A2A5D-B5F9-CD0B-716E-D5E98F745A7E}"
EndProject
Project("{FAE04EC0-301F-11D3-BF4B-00C04F79EFBC}") = "UnityEngine.TestRunner", "UnityEngine.TestRunner.Player.csproj", "{2DB1F9E8-DBE0-2B82-07D2-195E64DDB46B}"
EndProject
Project("{FAE04EC0-301F-11D3-BF4B-00C04F79EFBC}") = "Unity.Mathematics", "Unity.Mathematics.Player.csproj", "{DC2E5D82-68C4-EC1D-7F71-BDB93078DB0B}"
EndProject
Project("{FAE04EC0-301F-11D3-BF4B-00C04F79EFBC}") = "Unity.2D.Animation.Triangle.Runtime", "Unity.2D.Animation.Triangle.Runtime.Player.csproj", "{B29190F0-7115-2E83-B193-96DE44FA3D9A}"
EndProject
Project("{FAE04EC0-301F-11D3-BF4B-00C04F79EFBC}") = "Unity.Timeline", "Unity.Timeline.Player.csproj", "{59215339-E277-8AEE-B4B7-48ED18A131BB}"
EndProject
Project("{FAE04EC0-301F-11D3-BF4B-00C04F79EFBC}") = "UnityEngine.UI", "UnityEngine.UI.Player.csproj", "{596A76FA-06C0-7F42-9546-4403C1E64BC1}"
EndProject
Project("{FAE04EC0-301F-11D3-BF4B-00C04F79EFBC}") = "Unity.TextMeshPro", "Unity.TextMeshPro.Player.csproj", "{AF626C1F-408D-0B30-C640-A0FA0C368F60}"
EndProject
Project("{FAE04EC0-301F-11D3-BF4B-00C04F79EFBC}") = "Unity.2D.Animation.Runtime", "Unity.2D.Animation.Runtime.Player.csproj", "{0991C495-F322-1B64-992C-A287ECEC0983}"
EndProject
Project("{FAE04EC0-301F-11D3-BF4B-00C04F79EFBC}") = "Unity.2D.IK.Runtime", "Unity.2D.IK.Runtime.Player.csproj", "{5894BF57-42F8-DCA9-CD04-2589681918E3}"
EndProject
Project("{FAE04EC0-301F-11D3-BF4B-00C04F79EFBC}") = "Unity.2D.SpriteShape.Runtime", "Unity.2D.SpriteShape.Runtime.Player.csproj", "{9658C7E6-E878-B9BF-28BE-66CBCFC1CEA0}"
EndProject
Project("{FAE04EC0-301F-11D3-BF4B-00C04F79EFBC}") = "Unity.2D.PixelPerfect", "Unity.2D.PixelPerfect.Player.csproj", "{5E2E70B1-18C7-477A-778A-651663DC2633}"
EndProject
Project("{FAE04EC0-301F-11D3-BF4B-00C04F79EFBC}") = "Assembly-CSharp", "Assembly-CSharp.Player.csproj", "{9025C15B-B542-0589-0224-3E90624DFAF5}"
EndProject
Project("{FAE04EC0-301F-11D3-BF4B-00C04F79EFBC}") = "Unity.2D.Common.Runtime", "Unity.2D.Common.Runtime.Player.csproj", "{A2E6EB9C-1686-C8EF-01F4-EE34F686CF6A}"
EndProject
Project("{FAE04EC0-301F-11D3-BF4B-00C04F79EFBC}") = "Unity.InternalAPIEngineBridge.001", "Unity.InternalAPIEngineBridge.001.Player.csproj", "{1E43B4CD-FFEC-865D-A203-C0E43E4ADB12}"
EndProject
Global
	GlobalSection(SolutionConfigurationPlatforms) = preSolution
		Debug|Any CPU = Debug|Any CPU
		Release|Any CPU = Release|Any CPU
	EndGlobalSection
	GlobalSection(ProjectConfigurationPlatforms) = postSolution
		{D2ED26C9-EE40-C450-4861-158BA48E6827}.Debug|Any CPU.ActiveCfg = Debug|Any CPU
		{D2ED26C9-EE40-C450-4861-158BA48E6827}.Debug|Any CPU.Build.0 = Debug|Any CPU
		{D2ED26C9-EE40-C450-4861-158BA48E6827}.Release|Any CPU.ActiveCfg = Release|Any CPU
		{D2ED26C9-EE40-C450-4861-158BA48E6827}.Release|Any CPU.Build.0 = Release|Any CPU
		{B57E159E-CC77-0718-0064-8106C399D682}.Debug|Any CPU.ActiveCfg = Debug|Any CPU
		{B57E159E-CC77-0718-0064-8106C399D682}.Debug|Any CPU.Build.0 = Debug|Any CPU
		{B57E159E-CC77-0718-0064-8106C399D682}.Release|Any CPU.ActiveCfg = Release|Any CPU
		{B57E159E-CC77-0718-0064-8106C399D682}.Release|Any CPU.Build.0 = Release|Any CPU
		{8D0D7333-DDFF-B998-39F6-3C3E869972CE}.Debug|Any CPU.ActiveCfg = Debug|Any CPU
		{8D0D7333-DDFF-B998-39F6-3C3E869972CE}.Debug|Any CPU.Build.0 = Debug|Any CPU
		{8D0D7333-DDFF-B998-39F6-3C3E869972CE}.Release|Any CPU.ActiveCfg = Release|Any CPU
		{8D0D7333-DDFF-B998-39F6-3C3E869972CE}.Release|Any CPU.Build.0 = Release|Any CPU
		{6A11C312-89E4-05DE-5F2F-135614D14EBF}.Debug|Any CPU.ActiveCfg = Debug|Any CPU
		{6A11C312-89E4-05DE-5F2F-135614D14EBF}.Debug|Any CPU.Build.0 = Debug|Any CPU
		{6A11C312-89E4-05DE-5F2F-135614D14EBF}.Release|Any CPU.ActiveCfg = Release|Any CPU
		{6A11C312-89E4-05DE-5F2F-135614D14EBF}.Release|Any CPU.Build.0 = Release|Any CPU
		{E3544914-DFA0-C0B1-037E-767C8A1D9FCC}.Debug|Any CPU.ActiveCfg = Debug|Any CPU
		{E3544914-DFA0-C0B1-037E-767C8A1D9FCC}.Debug|Any CPU.Build.0 = Debug|Any CPU
		{E3544914-DFA0-C0B1-037E-767C8A1D9FCC}.Release|Any CPU.ActiveCfg = Release|Any CPU
		{E3544914-DFA0-C0B1-037E-767C8A1D9FCC}.Release|Any CPU.Build.0 = Release|Any CPU
		{3647BB0A-C733-ECAD-66BD-73A7F877DD79}.Debug|Any CPU.ActiveCfg = Debug|Any CPU
		{3647BB0A-C733-ECAD-66BD-73A7F877DD79}.Debug|Any CPU.Build.0 = Debug|Any CPU
		{3647BB0A-C733-ECAD-66BD-73A7F877DD79}.Release|Any CPU.ActiveCfg = Release|Any CPU
		{3647BB0A-C733-ECAD-66BD-73A7F877DD79}.Release|Any CPU.Build.0 = Release|Any CPU
		{DB2B19C7-396F-5B4F-61CE-892083D360BC}.Debug|Any CPU.ActiveCfg = Debug|Any CPU
		{DB2B19C7-396F-5B4F-61CE-892083D360BC}.Debug|Any CPU.Build.0 = Debug|Any CPU
		{DB2B19C7-396F-5B4F-61CE-892083D360BC}.Release|Any CPU.ActiveCfg = Release|Any CPU
		{DB2B19C7-396F-5B4F-61CE-892083D360BC}.Release|Any CPU.Build.0 = Release|Any CPU
		{1986C8B1-2F8C-5F83-5BA2-C62405A28717}.Debug|Any CPU.ActiveCfg = Debug|Any CPU
		{1986C8B1-2F8C-5F83-5BA2-C62405A28717}.Debug|Any CPU.Build.0 = Debug|Any CPU
		{1986C8B1-2F8C-5F83-5BA2-C62405A28717}.Release|Any CPU.ActiveCfg = Release|Any CPU
		{1986C8B1-2F8C-5F83-5BA2-C62405A28717}.Release|Any CPU.Build.0 = Release|Any CPU
		{608C5680-236A-78F2-EF3A-CFCF61F63FB5}.Debug|Any CPU.ActiveCfg = Debug|Any CPU
		{608C5680-236A-78F2-EF3A-CFCF61F63FB5}.Debug|Any CPU.Build.0 = Debug|Any CPU
		{608C5680-236A-78F2-EF3A-CFCF61F63FB5}.Release|Any CPU.ActiveCfg = Release|Any CPU
		{608C5680-236A-78F2-EF3A-CFCF61F63FB5}.Release|Any CPU.Build.0 = Release|Any CPU
		{07EFA6B0-C02E-9230-558B-E5C9D291CFB7}.Debug|Any CPU.ActiveCfg = Debug|Any CPU
		{07EFA6B0-C02E-9230-558B-E5C9D291CFB7}.Debug|Any CPU.Build.0 = Debug|Any CPU
		{07EFA6B0-C02E-9230-558B-E5C9D291CFB7}.Release|Any CPU.ActiveCfg = Release|Any CPU
		{07EFA6B0-C02E-9230-558B-E5C9D291CFB7}.Release|Any CPU.Build.0 = Release|Any CPU
		{FBB7BCD9-69D2-6842-F5E3-DD9F6E195B79}.Debug|Any CPU.ActiveCfg = Debug|Any CPU
		{FBB7BCD9-69D2-6842-F5E3-DD9F6E195B79}.Debug|Any CPU.Build.0 = Debug|Any CPU
		{FBB7BCD9-69D2-6842-F5E3-DD9F6E195B79}.Release|Any CPU.ActiveCfg = Release|Any CPU
		{FBB7BCD9-69D2-6842-F5E3-DD9F6E195B79}.Release|Any CPU.Build.0 = Release|Any CPU
		{CE701140-0CE7-D767-1DD0-DA24F9A87DD0}.Debug|Any CPU.ActiveCfg = Debug|Any CPU
		{CE701140-0CE7-D767-1DD0-DA24F9A87DD0}.Debug|Any CPU.Build.0 = Debug|Any CPU
		{CE701140-0CE7-D767-1DD0-DA24F9A87DD0}.Release|Any CPU.ActiveCfg = Release|Any CPU
		{CE701140-0CE7-D767-1DD0-DA24F9A87DD0}.Release|Any CPU.Build.0 = Release|Any CPU
		{6B1AEEC0-B9FF-EE44-C1CF-3C06D85FB502}.Debug|Any CPU.ActiveCfg = Debug|Any CPU
		{6B1AEEC0-B9FF-EE44-C1CF-3C06D85FB502}.Debug|Any CPU.Build.0 = Debug|Any CPU
		{6B1AEEC0-B9FF-EE44-C1CF-3C06D85FB502}.Release|Any CPU.ActiveCfg = Release|Any CPU
		{6B1AEEC0-B9FF-EE44-C1CF-3C06D85FB502}.Release|Any CPU.Build.0 = Release|Any CPU
		{3405D186-F587-C04B-FAD9-0A3D5C871130}.Debug|Any CPU.ActiveCfg = Debug|Any CPU
		{3405D186-F587-C04B-FAD9-0A3D5C871130}.Debug|Any CPU.Build.0 = Debug|Any CPU
		{3405D186-F587-C04B-FAD9-0A3D5C871130}.Release|Any CPU.ActiveCfg = Release|Any CPU
		{3405D186-F587-C04B-FAD9-0A3D5C871130}.Release|Any CPU.Build.0 = Release|Any CPU
		{4E383A0B-D3D3-3D40-5866-F8849D0362E3}.Debug|Any CPU.ActiveCfg = Debug|Any CPU
		{4E383A0B-D3D3-3D40-5866-F8849D0362E3}.Debug|Any CPU.Build.0 = Debug|Any CPU
		{4E383A0B-D3D3-3D40-5866-F8849D0362E3}.Release|Any CPU.ActiveCfg = Release|Any CPU
		{4E383A0B-D3D3-3D40-5866-F8849D0362E3}.Release|Any CPU.Build.0 = Release|Any CPU
		{8FFDC049-C2E1-174E-CA10-1924C9A94D4C}.Debug|Any CPU.ActiveCfg = Debug|Any CPU
		{8FFDC049-C2E1-174E-CA10-1924C9A94D4C}.Debug|Any CPU.Build.0 = Debug|Any CPU
		{8FFDC049-C2E1-174E-CA10-1924C9A94D4C}.Release|Any CPU.ActiveCfg = Release|Any CPU
		{8FFDC049-C2E1-174E-CA10-1924C9A94D4C}.Release|Any CPU.Build.0 = Release|Any CPU
		{863ABBE1-3FD3-17B0-A0EB-ABB220B9E125}.Debug|Any CPU.ActiveCfg = Debug|Any CPU
		{863ABBE1-3FD3-17B0-A0EB-ABB220B9E125}.Debug|Any CPU.Build.0 = Debug|Any CPU
		{863ABBE1-3FD3-17B0-A0EB-ABB220B9E125}.Release|Any CPU.ActiveCfg = Release|Any CPU
		{863ABBE1-3FD3-17B0-A0EB-ABB220B9E125}.Release|Any CPU.Build.0 = Release|Any CPU
		{83C75219-DE04-4485-CEB3-8ECFDFCA0844}.Debug|Any CPU.ActiveCfg = Debug|Any CPU
		{83C75219-DE04-4485-CEB3-8ECFDFCA0844}.Debug|Any CPU.Build.0 = Debug|Any CPU
		{83C75219-DE04-4485-CEB3-8ECFDFCA0844}.Release|Any CPU.ActiveCfg = Release|Any CPU
		{83C75219-DE04-4485-CEB3-8ECFDFCA0844}.Release|Any CPU.Build.0 = Release|Any CPU
		{05D2A89A-0CD8-B661-4EC9-3ECA53F97A04}.Debug|Any CPU.ActiveCfg = Debug|Any CPU
		{05D2A89A-0CD8-B661-4EC9-3ECA53F97A04}.Debug|Any CPU.Build.0 = Debug|Any CPU
		{05D2A89A-0CD8-B661-4EC9-3ECA53F97A04}.Release|Any CPU.ActiveCfg = Release|Any CPU
		{05D2A89A-0CD8-B661-4EC9-3ECA53F97A04}.Release|Any CPU.Build.0 = Release|Any CPU
		{0C95D643-4648-2EE1-99CC-EDDCC665F33C}.Debug|Any CPU.ActiveCfg = Debug|Any CPU
		{0C95D643-4648-2EE1-99CC-EDDCC665F33C}.Debug|Any CPU.Build.0 = Debug|Any CPU
		{0C95D643-4648-2EE1-99CC-EDDCC665F33C}.Release|Any CPU.ActiveCfg = Release|Any CPU
		{0C95D643-4648-2EE1-99CC-EDDCC665F33C}.Release|Any CPU.Build.0 = Release|Any CPU
		{FE4B1B6E-F11B-E5F0-A624-456DB652D75E}.Debug|Any CPU.ActiveCfg = Debug|Any CPU
		{FE4B1B6E-F11B-E5F0-A624-456DB652D75E}.Debug|Any CPU.Build.0 = Debug|Any CPU
		{FE4B1B6E-F11B-E5F0-A624-456DB652D75E}.Release|Any CPU.ActiveCfg = Release|Any CPU
		{FE4B1B6E-F11B-E5F0-A624-456DB652D75E}.Release|Any CPU.Build.0 = Release|Any CPU
		{6A5DAB4F-6FB9-C278-9483-64042D8C9643}.Debug|Any CPU.ActiveCfg = Debug|Any CPU
		{6A5DAB4F-6FB9-C278-9483-64042D8C9643}.Debug|Any CPU.Build.0 = Debug|Any CPU
		{6A5DAB4F-6FB9-C278-9483-64042D8C9643}.Release|Any CPU.ActiveCfg = Release|Any CPU
		{6A5DAB4F-6FB9-C278-9483-64042D8C9643}.Release|Any CPU.Build.0 = Release|Any CPU
		{111EFE6E-76ED-4F7B-A1FA-9457AF45558D}.Debug|Any CPU.ActiveCfg = Debug|Any CPU
		{111EFE6E-76ED-4F7B-A1FA-9457AF45558D}.Debug|Any CPU.Build.0 = Debug|Any CPU
		{111EFE6E-76ED-4F7B-A1FA-9457AF45558D}.Release|Any CPU.ActiveCfg = Release|Any CPU
		{111EFE6E-76ED-4F7B-A1FA-9457AF45558D}.Release|Any CPU.Build.0 = Release|Any CPU
		{2246F203-6D86-6C20-A470-A3FBB2C0E2AD}.Debug|Any CPU.ActiveCfg = Debug|Any CPU
		{2246F203-6D86-6C20-A470-A3FBB2C0E2AD}.Debug|Any CPU.Build.0 = Debug|Any CPU
		{2246F203-6D86-6C20-A470-A3FBB2C0E2AD}.Release|Any CPU.ActiveCfg = Release|Any CPU
		{2246F203-6D86-6C20-A470-A3FBB2C0E2AD}.Release|Any CPU.Build.0 = Release|Any CPU
		{9C3A6AAD-7A51-1242-B9BB-EB1C47B41494}.Debug|Any CPU.ActiveCfg = Debug|Any CPU
		{9C3A6AAD-7A51-1242-B9BB-EB1C47B41494}.Debug|Any CPU.Build.0 = Debug|Any CPU
		{9C3A6AAD-7A51-1242-B9BB-EB1C47B41494}.Release|Any CPU.ActiveCfg = Release|Any CPU
		{9C3A6AAD-7A51-1242-B9BB-EB1C47B41494}.Release|Any CPU.Build.0 = Release|Any CPU
		{4C32BA92-54CE-A085-E2B0-0E2025D7491A}.Debug|Any CPU.ActiveCfg = Debug|Any CPU
		{4C32BA92-54CE-A085-E2B0-0E2025D7491A}.Debug|Any CPU.Build.0 = Debug|Any CPU
		{4C32BA92-54CE-A085-E2B0-0E2025D7491A}.Release|Any CPU.ActiveCfg = Release|Any CPU
		{4C32BA92-54CE-A085-E2B0-0E2025D7491A}.Release|Any CPU.Build.0 = Release|Any CPU
		{FA6F7075-70C6-D494-567C-9A5373BE8953}.Debug|Any CPU.ActiveCfg = Debug|Any CPU
		{FA6F7075-70C6-D494-567C-9A5373BE8953}.Debug|Any CPU.Build.0 = Debug|Any CPU
		{FA6F7075-70C6-D494-567C-9A5373BE8953}.Release|Any CPU.ActiveCfg = Release|Any CPU
		{FA6F7075-70C6-D494-567C-9A5373BE8953}.Release|Any CPU.Build.0 = Release|Any CPU
		{B5826DB5-847F-3A9C-0D0F-AA5E9E27164E}.Debug|Any CPU.ActiveCfg = Debug|Any CPU
		{B5826DB5-847F-3A9C-0D0F-AA5E9E27164E}.Debug|Any CPU.Build.0 = Debug|Any CPU
		{B5826DB5-847F-3A9C-0D0F-AA5E9E27164E}.Release|Any CPU.ActiveCfg = Release|Any CPU
		{B5826DB5-847F-3A9C-0D0F-AA5E9E27164E}.Release|Any CPU.Build.0 = Release|Any CPU
		{66E1CADE-2566-C743-25E8-EA59BB529692}.Debug|Any CPU.ActiveCfg = Debug|Any CPU
		{66E1CADE-2566-C743-25E8-EA59BB529692}.Debug|Any CPU.Build.0 = Debug|Any CPU
		{66E1CADE-2566-C743-25E8-EA59BB529692}.Release|Any CPU.ActiveCfg = Release|Any CPU
		{66E1CADE-2566-C743-25E8-EA59BB529692}.Release|Any CPU.Build.0 = Release|Any CPU
		{2D0E15D4-B74A-FDCA-709C-2D9D333763F0}.Debug|Any CPU.ActiveCfg = Debug|Any CPU
		{2D0E15D4-B74A-FDCA-709C-2D9D333763F0}.Debug|Any CPU.Build.0 = Debug|Any CPU
		{2D0E15D4-B74A-FDCA-709C-2D9D333763F0}.Release|Any CPU.ActiveCfg = Release|Any CPU
		{2D0E15D4-B74A-FDCA-709C-2D9D333763F0}.Release|Any CPU.Build.0 = Release|Any CPU
		{36A82FFD-E13B-27AF-A5EC-E6076BC05B4D}.Debug|Any CPU.ActiveCfg = Debug|Any CPU
		{36A82FFD-E13B-27AF-A5EC-E6076BC05B4D}.Debug|Any CPU.Build.0 = Debug|Any CPU
		{36A82FFD-E13B-27AF-A5EC-E6076BC05B4D}.Release|Any CPU.ActiveCfg = Release|Any CPU
		{36A82FFD-E13B-27AF-A5EC-E6076BC05B4D}.Release|Any CPU.Build.0 = Release|Any CPU
		{AEDB5158-9D07-FF79-5E24-DE679F38ABA4}.Debug|Any CPU.ActiveCfg = Debug|Any CPU
		{AEDB5158-9D07-FF79-5E24-DE679F38ABA4}.Debug|Any CPU.Build.0 = Debug|Any CPU
		{AEDB5158-9D07-FF79-5E24-DE679F38ABA4}.Release|Any CPU.ActiveCfg = Release|Any CPU
		{AEDB5158-9D07-FF79-5E24-DE679F38ABA4}.Release|Any CPU.Build.0 = Release|Any CPU
		{55396150-B566-3AB5-6FCE-474BA0461560}.Debug|Any CPU.ActiveCfg = Debug|Any CPU
		{55396150-B566-3AB5-6FCE-474BA0461560}.Debug|Any CPU.Build.0 = Debug|Any CPU
		{55396150-B566-3AB5-6FCE-474BA0461560}.Release|Any CPU.ActiveCfg = Release|Any CPU
		{55396150-B566-3AB5-6FCE-474BA0461560}.Release|Any CPU.Build.0 = Release|Any CPU
		{A74A2A5D-B5F9-CD0B-716E-D5E98F745A7E}.Debug|Any CPU.ActiveCfg = Debug|Any CPU
		{A74A2A5D-B5F9-CD0B-716E-D5E98F745A7E}.Debug|Any CPU.Build.0 = Debug|Any CPU
		{A74A2A5D-B5F9-CD0B-716E-D5E98F745A7E}.Release|Any CPU.ActiveCfg = Release|Any CPU
		{A74A2A5D-B5F9-CD0B-716E-D5E98F745A7E}.Release|Any CPU.Build.0 = Release|Any CPU
		{2DB1F9E8-DBE0-2B82-07D2-195E64DDB46B}.Debug|Any CPU.ActiveCfg = Debug|Any CPU
		{2DB1F9E8-DBE0-2B82-07D2-195E64DDB46B}.Debug|Any CPU.Build.0 = Debug|Any CPU
		{2DB1F9E8-DBE0-2B82-07D2-195E64DDB46B}.Release|Any CPU.ActiveCfg = Release|Any CPU
		{2DB1F9E8-DBE0-2B82-07D2-195E64DDB46B}.Release|Any CPU.Build.0 = Release|Any CPU
		{DC2E5D82-68C4-EC1D-7F71-BDB93078DB0B}.Debug|Any CPU.ActiveCfg = Debug|Any CPU
		{DC2E5D82-68C4-EC1D-7F71-BDB93078DB0B}.Debug|Any CPU.Build.0 = Debug|Any CPU
		{DC2E5D82-68C4-EC1D-7F71-BDB93078DB0B}.Release|Any CPU.ActiveCfg = Release|Any CPU
		{DC2E5D82-68C4-EC1D-7F71-BDB93078DB0B}.Release|Any CPU.Build.0 = Release|Any CPU
		{B29190F0-7115-2E83-B193-96DE44FA3D9A}.Debug|Any CPU.ActiveCfg = Debug|Any CPU
		{B29190F0-7115-2E83-B193-96DE44FA3D9A}.Debug|Any CPU.Build.0 = Debug|Any CPU
		{B29190F0-7115-2E83-B193-96DE44FA3D9A}.Release|Any CPU.ActiveCfg = Release|Any CPU
		{B29190F0-7115-2E83-B193-96DE44FA3D9A}.Release|Any CPU.Build.0 = Release|Any CPU
		{59215339-E277-8AEE-B4B7-48ED18A131BB}.Debug|Any CPU.ActiveCfg = Debug|Any CPU
		{59215339-E277-8AEE-B4B7-48ED18A131BB}.Debug|Any CPU.Build.0 = Debug|Any CPU
		{59215339-E277-8AEE-B4B7-48ED18A131BB}.Release|Any CPU.ActiveCfg = Release|Any CPU
		{59215339-E277-8AEE-B4B7-48ED18A131BB}.Release|Any CPU.Build.0 = Release|Any CPU
		{596A76FA-06C0-7F42-9546-4403C1E64BC1}.Debug|Any CPU.ActiveCfg = Debug|Any CPU
		{596A76FA-06C0-7F42-9546-4403C1E64BC1}.Debug|Any CPU.Build.0 = Debug|Any CPU
		{596A76FA-06C0-7F42-9546-4403C1E64BC1}.Release|Any CPU.ActiveCfg = Release|Any CPU
		{596A76FA-06C0-7F42-9546-4403C1E64BC1}.Release|Any CPU.Build.0 = Release|Any CPU
		{AF626C1F-408D-0B30-C640-A0FA0C368F60}.Debug|Any CPU.ActiveCfg = Debug|Any CPU
		{AF626C1F-408D-0B30-C640-A0FA0C368F60}.Debug|Any CPU.Build.0 = Debug|Any CPU
		{AF626C1F-408D-0B30-C640-A0FA0C368F60}.Release|Any CPU.ActiveCfg = Release|Any CPU
		{AF626C1F-408D-0B30-C640-A0FA0C368F60}.Release|Any CPU.Build.0 = Release|Any CPU
		{0991C495-F322-1B64-992C-A287ECEC0983}.Debug|Any CPU.ActiveCfg = Debug|Any CPU
		{0991C495-F322-1B64-992C-A287ECEC0983}.Debug|Any CPU.Build.0 = Debug|Any CPU
		{0991C495-F322-1B64-992C-A287ECEC0983}.Release|Any CPU.ActiveCfg = Release|Any CPU
		{0991C495-F322-1B64-992C-A287ECEC0983}.Release|Any CPU.Build.0 = Release|Any CPU
		{5894BF57-42F8-DCA9-CD04-2589681918E3}.Debug|Any CPU.ActiveCfg = Debug|Any CPU
		{5894BF57-42F8-DCA9-CD04-2589681918E3}.Debug|Any CPU.Build.0 = Debug|Any CPU
		{5894BF57-42F8-DCA9-CD04-2589681918E3}.Release|Any CPU.ActiveCfg = Release|Any CPU
		{5894BF57-42F8-DCA9-CD04-2589681918E3}.Release|Any CPU.Build.0 = Release|Any CPU
		{9658C7E6-E878-B9BF-28BE-66CBCFC1CEA0}.Debug|Any CPU.ActiveCfg = Debug|Any CPU
		{9658C7E6-E878-B9BF-28BE-66CBCFC1CEA0}.Debug|Any CPU.Build.0 = Debug|Any CPU
		{9658C7E6-E878-B9BF-28BE-66CBCFC1CEA0}.Release|Any CPU.ActiveCfg = Release|Any CPU
		{9658C7E6-E878-B9BF-28BE-66CBCFC1CEA0}.Release|Any CPU.Build.0 = Release|Any CPU
		{5E2E70B1-18C7-477A-778A-651663DC2633}.Debug|Any CPU.ActiveCfg = Debug|Any CPU
		{5E2E70B1-18C7-477A-778A-651663DC2633}.Debug|Any CPU.Build.0 = Debug|Any CPU
		{5E2E70B1-18C7-477A-778A-651663DC2633}.Release|Any CPU.ActiveCfg = Release|Any CPU
		{5E2E70B1-18C7-477A-778A-651663DC2633}.Release|Any CPU.Build.0 = Release|Any CPU
		{9025C15B-B542-0589-0224-3E90624DFAF5}.Debug|Any CPU.ActiveCfg = Debug|Any CPU
		{9025C15B-B542-0589-0224-3E90624DFAF5}.Debug|Any CPU.Build.0 = Debug|Any CPU
		{9025C15B-B542-0589-0224-3E90624DFAF5}.Release|Any CPU.ActiveCfg = Release|Any CPU
		{9025C15B-B542-0589-0224-3E90624DFAF5}.Release|Any CPU.Build.0 = Release|Any CPU
		{A2E6EB9C-1686-C8EF-01F4-EE34F686CF6A}.Debug|Any CPU.ActiveCfg = Debug|Any CPU
		{A2E6EB9C-1686-C8EF-01F4-EE34F686CF6A}.Debug|Any CPU.Build.0 = Debug|Any CPU
		{A2E6EB9C-1686-C8EF-01F4-EE34F686CF6A}.Release|Any CPU.ActiveCfg = Release|Any CPU
		{A2E6EB9C-1686-C8EF-01F4-EE34F686CF6A}.Release|Any CPU.Build.0 = Release|Any CPU
		{1E43B4CD-FFEC-865D-A203-C0E43E4ADB12}.Debug|Any CPU.ActiveCfg = Debug|Any CPU
		{1E43B4CD-FFEC-865D-A203-C0E43E4ADB12}.Debug|Any CPU.Build.0 = Debug|Any CPU
		{1E43B4CD-FFEC-865D-A203-C0E43E4ADB12}.Release|Any CPU.ActiveCfg = Release|Any CPU
		{1E43B4CD-FFEC-865D-A203-C0E43E4ADB12}.Release|Any CPU.Build.0 = Release|Any CPU
	EndGlobalSection
	GlobalSection(SolutionProperties) = preSolution
		HideSolutionNode = FALSE
	EndGlobalSection
EndGlobal
